
Microsoft Visual Studio Solution File, Format Version 12.00
# Visual Studio Version 17
VisualStudioVersion = 17.2.32602.215
MinimumVisualStudioVersion = 10.0.40219.1
Project("{FAE04EC0-301F-11D3-BF4B-00C04F79EFBC}") = "Simulacion Prueba Practica - Prog3 (Juego de memoria)", "Simulacion Prueba Practica - Prog3 (Juego de memoria).csproj", "{4F46AD81-6388-481C-A7CC-655BC3131600}"
EndProject
Global
	GlobalSection(SolutionConfigurationPlatforms) = preSolution
		Debug|Any CPU = Debug|Any CPU
		Release|Any CPU = Release|Any CPU
	EndGlobalSection
	GlobalSection(ProjectConfigurationPlatforms) = postSolution
		{4F46AD81-6388-481C-A7CC-655BC3131600}.Debug|Any CPU.ActiveCfg = Debug|Any CPU
		{4F46AD81-6388-481C-A7CC-655BC3131600}.Debug|Any CPU.Build.0 = Debug|Any CPU
		{4F46AD81-6388-481C-A7CC-655BC3131600}.Release|Any CPU.ActiveCfg = Release|Any CPU
		{4F46AD81-6388-481C-A7CC-655BC3131600}.Release|Any CPU.Build.0 = Release|Any CPU
	EndGlobalSection
	GlobalSection(SolutionProperties) = preSolution
		HideSolutionNode = FALSE
	EndGlobalSection
	GlobalSection(ExtensibilityGlobals) = postSolution
		SolutionGuid = {4B70FB65-CDE3-4F2E-83BD-19DCF6AE6855}
	EndGlobalSection
EndGlobal
