
Microsoft Visual Studio Solution File, Format Version 12.00
# Visual Studio Version 17
VisualStudioVersion = 17.1.32319.34
MinimumVisualStudioVersion = 10.0.40219.1
Project("{FAE04EC0-301F-11D3-BF4B-00C04F79EFBC}") = "Fechas", "Fechas.csproj", "{DA59F40D-2AA9-4CF4-B422-91A8854BA21F}"
EndProject
Global
	GlobalSection(SolutionConfigurationPlatforms) = preSolution
		Debug|Any CPU = Debug|Any CPU
		Release|Any CPU = Release|Any CPU
	EndGlobalSection
	GlobalSection(ProjectConfigurationPlatforms) = postSolution
		{DA59F40D-2AA9-4CF4-B422-91A8854BA21F}.Debug|Any CPU.ActiveCfg = Debug|Any CPU
		{DA59F40D-2AA9-4CF4-B422-91A8854BA21F}.Debug|Any CPU.Build.0 = Debug|Any CPU
		{DA59F40D-2AA9-4CF4-B422-91A8854BA21F}.Release|Any CPU.ActiveCfg = Release|Any CPU
		{DA59F40D-2AA9-4CF4-B422-91A8854BA21F}.Release|Any CPU.Build.0 = Release|Any CPU
	EndGlobalSection
	GlobalSection(SolutionProperties) = preSolution
		HideSolutionNode = FALSE
	EndGlobalSection
	GlobalSection(ExtensibilityGlobals) = postSolution
		SolutionGuid = {8C965112-A57C-43D9-B0FD-7C8F5EE71198}
	EndGlobalSection
EndGlobal
